
Microsoft Visual Studio Solution File, Format Version 12.00
# Visual Studio Version 16
VisualStudioVersion = 16.0.33130.400
MinimumVisualStudioVersion = 10.0.40219.1
Project("{9A19103F-16F7-4668-BE54-9A1E7A4F7556}") = "bookstore_nathanck", "bookstore_nathanck\bookstore_nathanck.csproj", "{17CEFBA8-9C62-457B-82B4-771374E3BDC0}"
EndProject
Global
	GlobalSection(SolutionConfigurationPlatforms) = preSolution
		Debug|Any CPU = Debug|Any CPU
		Release|Any CPU = Release|Any CPU
	EndGlobalSection
	GlobalSection(ProjectConfigurationPlatforms) = postSolution
		{17CEFBA8-9C62-457B-82B4-771374E3BDC0}.Debug|Any CPU.ActiveCfg = Debug|Any CPU
		{17CEFBA8-9C62-457B-82B4-771374E3BDC0}.Debug|Any CPU.Build.0 = Debug|Any CPU
		{17CEFBA8-9C62-457B-82B4-771374E3BDC0}.Release|Any CPU.ActiveCfg = Release|Any CPU
		{17CEFBA8-9C62-457B-82B4-771374E3BDC0}.Release|Any CPU.Build.0 = Release|Any CPU
	EndGlobalSection
	GlobalSection(SolutionProperties) = preSolution
		HideSolutionNode = FALSE
	EndGlobalSection
	GlobalSection(ExtensibilityGlobals) = postSolution
		SolutionGuid = {372D934C-EA5C-49E3-9275-10C5828E30A4}
	EndGlobalSection
EndGlobal
